// !$*UTF8*$!
{
	archiveVersion = 1;
	classes = {
	};
	objectVersion = 55;
	objects = {

/* Begin PBXBuildFile section */
		D4A1CD68270200BC00F11555 /* SlideMenuApp.swift in Sources */ = {isa = PBXBuildFile; fileRef = D4A1CD67270200BC00F11555 /* SlideMenuApp.swift */; };
		D4A1CD6A270200BC00F11555 /* ContentView.swift in Sources */ = {isa = PBXBuildFile; fileRef = D4A1CD69270200BC00F11555 /* ContentView.swift */; };
		D4A1CD6C270200C400F11555 /* Assets.xcassets in Resources */ = {isa = PBXBuildFile; fileRef = D4A1CD6B270200C400F11555 /* Assets.xcassets */; };
		D4A1CD6F270200C400F11555 /* Preview Assets.xcassets in Resources */ = {isa = PBXBuildFile; fileRef = D4A1CD6E270200C400F11555 /* Preview Assets.xcassets */; };
		D4A1CD79270200C500F11555 /* SlideMenuTests.swift in Sources */ = {isa = PBXBuildFile; fileRef = D4A1CD78270200C500F11555 /* SlideMenuTests.swift */; };
		D4A1CD83270200C500F11555 /* SlideMenuUITests.swift in Sources */ = {isa = PBXBuildFile; fileRef = D4A1CD82270200C500F11555 /* SlideMenuUITests.swift */; };
		D4A1CD85270200C500F11555 /* SlideMenuUITestsLaunchTests.swift in Sources */ = {isa = PBXBuildFile; fileRef = D4A1CD84270200C500F11555 /* SlideMenuUITestsLaunchTests.swift */; };
		D4A1CD942702094300F11555 /* SideMenuView.swift in Sources */ = {isa = PBXBuildFile; fileRef = D4A1CD932702094200F11555 /* SideMenuView.swift */; };
		D4A1CD962702095500F11555 /* SideMenuHeaderView.swift in Sources */ = {isa = PBXBuildFile; fileRef = D4A1CD952702095500F11555 /* SideMenuHeaderView.swift */; };
		D4A1CD982702096C00F11555 /* SideMenuOptionView.swift in Sources */ = {isa = PBXBuildFile; fileRef = D4A1CD972702096C00F11555 /* SideMenuOptionView.swift */; };
		D4A1CD9A2702098800F11555 /* SideMenuViewModel.swift in Sources */ = {isa = PBXBuildFile; fileRef = D4A1CD992702098800F11555 /* SideMenuViewModel.swift */; };
		D4A1CD9C2702123B00F11555 /* HomeView.swift in Sources */ = {isa = PBXBuildFile; fileRef = D4A1CD9B2702123B00F11555 /* HomeView.swift */; };
/* End PBXBuildFile section */

/* Begin PBXContainerItemProxy section */
		D4A1CD75270200C500F11555 /* PBXContainerItemProxy */ = {
			isa = PBXContainerItemProxy;
			containerPortal = D4A1CD5C270200BB00F11555 /* Project object */;
			proxyType = 1;
			remoteGlobalIDString = D4A1CD63270200BC00F11555;
			remoteInfo = SlideMenu;
		};
		D4A1CD7F270200C500F11555 /* PBXContainerItemProxy */ = {
			isa = PBXContainerItemProxy;
			containerPortal = D4A1CD5C270200BB00F11555 /* Project object */;
			proxyType = 1;
			remoteGlobalIDString = D4A1CD63270200BC00F11555;
			remoteInfo = SlideMenu;
		};
/* End PBXContainerItemProxy section */

/* Begin PBXFileReference section */
		D4A1CD64270200BC00F11555 /* SlideMenu.app */ = {isa = PBXFileReference; explicitFileType = wrapper.application; includeInIndex = 0; path = SlideMenu.app; sourceTree = BUILT_PRODUCTS_DIR; };
		D4A1CD67270200BC00F11555 /* SlideMenuApp.swift */ = {isa = PBXFileReference; lastKnownFileType = sourcecode.swift; path = SlideMenuApp.swift; sourceTree = "<group>"; };
		D4A1CD69270200BC00F11555 /* ContentView.swift */ = {isa = PBXFileReference; lastKnownFileType = sourcecode.swift; path = ContentView.swift; sourceTree = "<group>"; };
		D4A1CD6B270200C400F11555 /* Assets.xcassets */ = {isa = PBXFileReference; lastKnownFileType = folder.assetcatalog; path = Assets.xcassets; sourceTree = "<group>"; };
		D4A1CD6E270200C400F11555 /* Preview Assets.xcassets */ = {isa = PBXFileReference; lastKnownFileType = folder.assetcatalog; path = "Preview Assets.xcassets"; sourceTree = "<group>"; };
		D4A1CD74270200C500F11555 /* SlideMenuTests.xctest */ = {isa = PBXFileReference; explicitFileType = wrapper.cfbundle; includeInIndex = 0; path = SlideMenuTests.xctest; sourceTree = BUILT_PRODUCTS_DIR; };
		D4A1CD78270200C500F11555 /* SlideMenuTests.swift */ = {isa = PBXFileReference; lastKnownFileType = sourcecode.swift; path = SlideMenuTests.swift; sourceTree = "<group>"; };
		D4A1CD7E270200C500F11555 /* SlideMenuUITests.xctest */ = {isa = PBXFileReference; explicitFileType = wrapper.cfbundle; includeInIndex = 0; path = SlideMenuUITests.xctest; sourceTree = BUILT_PRODUCTS_DIR; };
		D4A1CD82270200C500F11555 /* SlideMenuUITests.swift */ = {isa = PBXFileReference; lastKnownFileType = sourcecode.swift; path = SlideMenuUITests.swift; sourceTree = "<group>"; };
		D4A1CD84270200C500F11555 /* SlideMenuUITestsLaunchTests.swift */ = {isa = PBXFileReference; lastKnownFileType = sourcecode.swift; path = SlideMenuUITestsLaunchTests.swift; sourceTree = "<group>"; };
		D4A1CD932702094200F11555 /* SideMenuView.swift */ = {isa = PBXFileReference; lastKnownFileType = sourcecode.swift; path = SideMenuView.swift; sourceTree = "<group>"; };
		D4A1CD952702095500F11555 /* SideMenuHeaderView.swift */ = {isa = PBXFileReference; lastKnownFileType = sourcecode.swift; path = SideMenuHeaderView.swift; sourceTree = "<group>"; };
		D4A1CD972702096C00F11555 /* SideMenuOptionView.swift */ = {isa = PBXFileReference; lastKnownFileType = sourcecode.swift; path = SideMenuOptionView.swift; sourceTree = "<group>"; };
		D4A1CD992702098800F11555 /* SideMenuViewModel.swift */ = {isa = PBXFileReference; lastKnownFileType = sourcecode.swift; path = SideMenuViewModel.swift; sourceTree = "<group>"; };
		D4A1CD9B2702123B00F11555 /* HomeView.swift */ = {isa = PBXFileReference; lastKnownFileType = sourcecode.swift; path = HomeView.swift; sourceTree = "<group>"; };
/* End PBXFileReference section */

/* Begin PBXFrameworksBuildPhase section */
		D4A1CD61270200BC00F11555 /* Frameworks */ = {
			isa = PBXFrameworksBuildPhase;
			buildActionMask = 2147483647;
			files = (
			);
			runOnlyForDeploymentPostprocessing = 0;
		};
		D4A1CD71270200C500F11555 /* Frameworks */ = {
			isa = PBXFrameworksBuildPhase;
			buildActionMask = 2147483647;
			files = (
			);
			runOnlyForDeploymentPostprocessing = 0;
		};
		D4A1CD7B270200C500F11555 /* Frameworks */ = {
			isa = PBXFrameworksBuildPhase;
			buildActionMask = 2147483647;
			files = (
			);
			runOnlyForDeploymentPostprocessing = 0;
		};
/* End PBXFrameworksBuildPhase section */

/* Begin PBXGroup section */
		D4A1CD5B270200BB00F11555 = {
			isa = PBXGroup;
			children = (
				D4A1CD66270200BC00F11555 /* SlideMenu */,
				D4A1CD77270200C500F11555 /* SlideMenuTests */,
				D4A1CD81270200C500F11555 /* SlideMenuUITests */,
				D4A1CD65270200BC00F11555 /* Products */,
			);
			sourceTree = "<group>";
		};
		D4A1CD65270200BC00F11555 /* Products */ = {
			isa = PBXGroup;
			children = (
				D4A1CD64270200BC00F11555 /* SlideMenu.app */,
				D4A1CD74270200C500F11555 /* SlideMenuTests.xctest */,
				D4A1CD7E270200C500F11555 /* SlideMenuUITests.xctest */,
			);
			name = Products;
			sourceTree = "<group>";
		};
		D4A1CD66270200BC00F11555 /* SlideMenu */ = {
			isa = PBXGroup;
			children = (
				D4A1CD922702092400F11555 /* ViewModels */,
				D4A1CD91270208CF00F11555 /* Views */,
				D4A1CD67270200BC00F11555 /* SlideMenuApp.swift */,
				D4A1CD6B270200C400F11555 /* Assets.xcassets */,
				D4A1CD6D270200C400F11555 /* Preview Content */,
			);
			path = SlideMenu;
			sourceTree = "<group>";
		};
		D4A1CD6D270200C400F11555 /* Preview Content */ = {
			isa = PBXGroup;
			children = (
				D4A1CD6E270200C400F11555 /* Preview Assets.xcassets */,
			);
			path = "Preview Content";
			sourceTree = "<group>";
		};
		D4A1CD77270200C500F11555 /* SlideMenuTests */ = {
			isa = PBXGroup;
			children = (
				D4A1CD78270200C500F11555 /* SlideMenuTests.swift */,
			);
			path = SlideMenuTests;
			sourceTree = "<group>";
		};
		D4A1CD81270200C500F11555 /* SlideMenuUITests */ = {
			isa = PBXGroup;
			children = (
				D4A1CD82270200C500F11555 /* SlideMenuUITests.swift */,
				D4A1CD84270200C500F11555 /* SlideMenuUITestsLaunchTests.swift */,
			);
			path = SlideMenuUITests;
			sourceTree = "<group>";
		};
		D4A1CD91270208CF00F11555 /* Views */ = {
			isa = PBXGroup;
			children = (
				D4A1CD69270200BC00F11555 /* ContentView.swift */,
				D4A1CD932702094200F11555 /* SideMenuView.swift */,
				D4A1CD952702095500F11555 /* SideMenuHeaderView.swift */,
				D4A1CD972702096C00F11555 /* SideMenuOptionView.swift */,
				D4A1CD9B2702123B00F11555 /* HomeView.swift */,
			);
			path = Views;
			sourceTree = "<group>";
		};
		D4A1CD922702092400F11555 /* ViewModels */ = {
			isa = PBXGroup;
			children = (
				D4A1CD992702098800F11555 /* SideMenuViewModel.swift */,
			);
			path = ViewModels;
			sourceTree = "<group>";
		};
/* End PBXGroup section */

/* Begin PBXNativeTarget section */
		D4A1CD63270200BC00F11555 /* SlideMenu */ = {
			isa = PBXNativeTarget;
			buildConfigurationList = D4A1CD88270200C500F11555 /* Build configuration list for PBXNativeTarget "SlideMenu" */;
			buildPhases = (
				D4A1CD60270200BC00F11555 /* Sources */,
				D4A1CD61270200BC00F11555 /* Frameworks */,
				D4A1CD62270200BC00F11555 /* Resources */,
			);
			buildRules = (
			);
			dependencies = (
			);
			name = SlideMenu;
			productName = SlideMenu;
			productReference = D4A1CD64270200BC00F11555 /* SlideMenu.app */;
			productType = "com.apple.product-type.application";
		};
		D4A1CD73270200C500F11555 /* SlideMenuTests */ = {
			isa = PBXNativeTarget;
			buildConfigurationList = D4A1CD8B270200C500F11555 /* Build configuration list for PBXNativeTarget "SlideMenuTests" */;
			buildPhases = (
				D4A1CD70270200C500F11555 /* Sources */,
				D4A1CD71270200C500F11555 /* Frameworks */,
				D4A1CD72270200C500F11555 /* Resources */,
			);
			buildRules = (
			);
			dependencies = (
				D4A1CD76270200C500F11555 /* PBXTargetDependency */,
			);
			name = SlideMenuTests;
			productName = SlideMenuTests;
			productReference = D4A1CD74270200C500F11555 /* SlideMenuTests.xctest */;
			productType = "com.apple.product-type.bundle.unit-test";
		};
		D4A1CD7D270200C500F11555 /* SlideMenuUITests */ = {
			isa = PBXNativeTarget;
			buildConfigurationList = D4A1CD8E270200C500F11555 /* Build configuration list for PBXNativeTarget "SlideMenuUITests" */;
			buildPhases = (
				D4A1CD7A270200C500F11555 /* Sources */,
				D4A1CD7B270200C500F11555 /* Frameworks */,
				D4A1CD7C270200C500F11555 /* Resources */,
			);
			buildRules = (
			);
			dependencies = (
				D4A1CD80270200C500F11555 /* PBXTargetDependency */,
			);
			name = SlideMenuUITests;
			productName = SlideMenuUITests;
			productReference = D4A1CD7E270200C500F11555 /* SlideMenuUITests.xctest */;
			productType = "com.apple.product-type.bundle.ui-testing";
		};
/* End PBXNativeTarget section */

/* Begin PBXProject section */
		D4A1CD5C270200BB00F11555 /* Project object */ = {
			isa = PBXProject;
			attributes = {
				BuildIndependentTargetsInParallel = 1;
				LastSwiftUpdateCheck = 1300;
				LastUpgradeCheck = 1300;
				TargetAttributes = {
					D4A1CD63270200BC00F11555 = {
						CreatedOnToolsVersion = 13.0;
					};
					D4A1CD73270200C500F11555 = {
						CreatedOnToolsVersion = 13.0;
						TestTargetID = D4A1CD63270200BC00F11555;
					};
					D4A1CD7D270200C500F11555 = {
						CreatedOnToolsVersion = 13.0;
						TestTargetID = D4A1CD63270200BC00F11555;
					};
				};
			};
			buildConfigurationList = D4A1CD5F270200BB00F11555 /* Build configuration list for PBXProject "SlideMenu" */;
			compatibilityVersion = "Xcode 13.0";
			developmentRegion = en;
			hasScannedForEncodings = 0;
			knownRegions = (
				en,
				Base,
			);
			mainGroup = D4A1CD5B270200BB00F11555;
			productRefGroup = D4A1CD65270200BC00F11555 /* Products */;
			projectDirPath = "";
			projectRoot = "";
			targets = (
				D4A1CD63270200BC00F11555 /* SlideMenu */,
				D4A1CD73270200C500F11555 /* SlideMenuTests */,
				D4A1CD7D270200C500F11555 /* SlideMenuUITests */,
			);
		};
/* End PBXProject section */

/* Begin PBXResourcesBuildPhase section */
		D4A1CD62270200BC00F11555 /* Resources */ = {
			isa = PBXResourcesBuildPhase;
			buildActionMask = 2147483647;
			files = (
				D4A1CD6F270200C400F11555 /* Preview Assets.xcassets in Resources */,
				D4A1CD6C270200C400F11555 /* Assets.xcassets in Resources */,
			);
			runOnlyForDeploymentPostprocessing = 0;
		};
		D4A1CD72270200C500F11555 /* Resources */ = {
			isa = PBXResourcesBuildPhase;
			buildActionMask = 2147483647;
			files = (
			);
			runOnlyForDeploymentPostprocessing = 0;
		};
		D4A1CD7C270200C500F11555 /* Resources */ = {
			isa = PBXResourcesBuildPhase;
			buildActionMask = 2147483647;
			files = (
			);
			runOnlyForDeploymentPostprocessing = 0;
		};
/* End PBXResourcesBuildPhase section */

/* Begin PBXSourcesBuildPhase section */
		D4A1CD60270200BC00F11555 /* Sources */ = {
			isa = PBXSourcesBuildPhase;
			buildActionMask = 2147483647;
			files = (
				D4A1CD942702094300F11555 /* SideMenuView.swift in Sources */,
				D4A1CD9C2702123B00F11555 /* HomeView.swift in Sources */,
				D4A1CD962702095500F11555 /* SideMenuHeaderView.swift in Sources */,
				D4A1CD6A270200BC00F11555 /* ContentView.swift in Sources */,
				D4A1CD982702096C00F11555 /* SideMenuOptionView.swift in Sources */,
				D4A1CD9A2702098800F11555 /* SideMenuViewModel.swift in Sources */,
				D4A1CD68270200BC00F11555 /* SlideMenuApp.swift in Sources */,
			);
			runOnlyForDeploymentPostprocessing = 0;
		};
		D4A1CD70270200C500F11555 /* Sources */ = {
			isa = PBXSourcesBuildPhase;
			buildActionMask = 2147483647;
			files = (
				D4A1CD79270200C500F11555 /* SlideMenuTests.swift in Sources */,
			);
			runOnlyForDeploymentPostprocessing = 0;
		};
		D4A1CD7A270200C500F11555 /* Sources */ = {
			isa = PBXSourcesBuildPhase;
			buildActionMask = 2147483647;
			files = (
				D4A1CD83270200C500F11555 /* SlideMenuUITests.swift in Sources */,
				D4A1CD85270200C500F11555 /* SlideMenuUITestsLaunchTests.swift in Sources */,
			);
			runOnlyForDeploymentPostprocessing = 0;
		};
/* End PBXSourcesBuildPhase section */

/* Begin PBXTargetDependency section */
		D4A1CD76270200C500F11555 /* PBXTargetDependency */ = {
			isa = PBXTargetDependency;
			target = D4A1CD63270200BC00F11555 /* SlideMenu */;
			targetProxy = D4A1CD75270200C500F11555 /* PBXContainerItemProxy */;
		};
		D4A1CD80270200C500F11555 /* PBXTargetDependency */ = {
			isa = PBXTargetDependency;
			target = D4A1CD63270200BC00F11555 /* SlideMenu */;
			targetProxy = D4A1CD7F270200C500F11555 /* PBXContainerItemProxy */;
		};
/* End PBXTargetDependency section */

/* Begin XCBuildConfiguration section */
		D4A1CD86270200C500F11555 /* Debug */ = {
			isa = XCBuildConfiguration;
			buildSettings = {
				ALWAYS_SEARCH_USER_PATHS = NO;
				CLANG_ANALYZER_NONNULL = YES;
				CLANG_ANALYZER_NUMBER_OBJECT_CONVERSION = YES_AGGRESSIVE;
				CLANG_CXX_LANGUAGE_STANDARD = "gnu++17";
				CLANG_CXX_LIBRARY = "libc++";
				CLANG_ENABLE_MODULES = YES;
				CLANG_ENABLE_OBJC_ARC = YES;
				CLANG_ENABLE_OBJC_WEAK = YES;
				CLANG_WARN_BLOCK_CAPTURE_AUTORELEASING = YES;
				CLANG_WARN_BOOL_CONVERSION = YES;
				CLANG_WARN_COMMA = YES;
				CLANG_WARN_CONSTANT_CONVERSION = YES;
				CLANG_WARN_DEPRECATED_OBJC_IMPLEMENTATIONS = YES;
				CLANG_WARN_DIRECT_OBJC_ISA_USAGE = YES_ERROR;
				CLANG_WARN_DOCUMENTATION_COMMENTS = YES;
				CLANG_WARN_EMPTY_BODY = YES;
				CLANG_WARN_ENUM_CONVERSION = YES;
				CLANG_WARN_INFINITE_RECURSION = YES;
				CLANG_WARN_INT_CONVERSION = YES;
				CLANG_WARN_NON_LITERAL_NULL_CONVERSION = YES;
				CLANG_WARN_OBJC_IMPLICIT_RETAIN_SELF = YES;
				CLANG_WARN_OBJC_LITERAL_CONVERSION = YES;
				CLANG_WARN_OBJC_ROOT_CLASS = YES_ERROR;
				CLANG_WARN_QUOTED_INCLUDE_IN_FRAMEWORK_HEADER = YES;
				CLANG_WARN_RANGE_LOOP_ANALYSIS = YES;
				CLANG_WARN_STRICT_PROTOTYPES = YES;
				CLANG_WARN_SUSPICIOUS_MOVE = YES;
				CLANG_WARN_UNGUARDED_AVAILABILITY = YES_AGGRESSIVE;
				CLANG_WARN_UNREACHABLE_CODE = YES;
				CLANG_WARN__DUPLICATE_METHOD_MATCH = YES;
				COPY_PHASE_STRIP = NO;
				DEBUG_INFORMATION_FORMAT = dwarf;
				ENABLE_STRICT_OBJC_MSGSEND = YES;
				ENABLE_TESTABILITY = YES;
				GCC_C_LANGUAGE_STANDARD = gnu11;
				GCC_DYNAMIC_NO_PIC = NO;
				GCC_NO_COMMON_BLOCKS = YES;
				GCC_OPTIMIZATION_LEVEL = 0;
				GCC_PREPROCESSOR_DEFINITIONS = (
					"DEBUG=1",
					"$(inherited)",
				);
				GCC_WARN_64_TO_32_BIT_CONVERSION = YES;
				GCC_WARN_ABOUT_RETURN_TYPE = YES_ERROR;
				GCC_WARN_UNDECLARED_SELECTOR = YES;
				GCC_WARN_UNINITIALIZED_AUTOS = YES_AGGRESSIVE;
				GCC_WARN_UNUSED_FUNCTION = YES;
				GCC_WARN_UNUSED_VARIABLE = YES;
				IPHONEOS_DEPLOYMENT_TARGET = 15.0;
				MTL_ENABLE_DEBUG_INFO = INCLUDE_SOURCE;
				MTL_FAST_MATH = YES;
				ONLY_ACTIVE_ARCH = YES;
				SDKROOT = iphoneos;
				SWIFT_ACTIVE_COMPILATION_CONDITIONS = DEBUG;
				SWIFT_OPTIMIZATION_LEVEL = "-Onone";
			};
			name = Debug;
		};
		D4A1CD87270200C500F11555 /* Release */ = {
			isa = XCBuildConfiguration;
			buildSettings = {
				ALWAYS_SEARCH_USER_PATHS = NO;
				CLANG_ANALYZER_NONNULL = YES;
				CLANG_ANALYZER_NUMBER_OBJECT_CONVERSION = YES_AGGRESSIVE;
				CLANG_CXX_LANGUAGE_STANDARD = "gnu++17";
				CLANG_CXX_LIBRARY = "libc++";
				CLANG_ENABLE_MODULES = YES;
				CLANG_ENABLE_OBJC_ARC = YES;
				CLANG_ENABLE_OBJC_WEAK = YES;
				CLANG_WARN_BLOCK_CAPTURE_AUTORELEASING = YES;
				CLANG_WARN_BOOL_CONVERSION = YES;
				CLANG_WARN_COMMA = YES;
				CLANG_WARN_CONSTANT_CONVERSION = YES;
				CLANG_WARN_DEPRECATED_OBJC_IMPLEMENTATIONS = YES;
				CLANG_WARN_DIRECT_OBJC_ISA_USAGE = YES_ERROR;
				CLANG_WARN_DOCUMENTATION_COMMENTS = YES;
				CLANG_WARN_EMPTY_BODY = YES;
				CLANG_WARN_ENUM_CONVERSION = YES;
				CLANG_WARN_INFINITE_RECURSION = YES;
				CLANG_WARN_INT_CONVERSION = YES;
				CLANG_WARN_NON_LITERAL_NULL_CONVERSION = YES;
				CLANG_WARN_OBJC_IMPLICIT_RETAIN_SELF = YES;
				CLANG_WARN_OBJC_LITERAL_CONVERSION = YES;
				CLANG_WARN_OBJC_ROOT_CLASS = YES_ERROR;
				CLANG_WARN_QUOTED_INCLUDE_IN_FRAMEWORK_HEADER = YES;
				CLANG_WARN_RANGE_LOOP_ANALYSIS = YES;
				CLANG_WARN_STRICT_PROTOTYPES = YES;
				CLANG_WARN_SUSPICIOUS_MOVE = YES;
				CLANG_WARN_UNGUARDED_AVAILABILITY = YES_AGGRESSIVE;
				CLANG_WARN_UNREACHABLE_CODE = YES;
				CLANG_WARN__DUPLICATE_METHOD_MATCH = YES;
				COPY_PHASE_STRIP = NO;
				DEBUG_INFORMATION_FORMAT = "dwarf-with-dsym";
				ENABLE_NS_ASSERTIONS = NO;
				ENABLE_STRICT_OBJC_MSGSEND = YES;
				GCC_C_LANGUAGE_STANDARD = gnu11;
				GCC_NO_COMMON_BLOCKS = YES;
				GCC_WARN_64_TO_32_BIT_CONVERSION = YES;
				GCC_WARN_ABOUT_RETURN_TYPE = YES_ERROR;
				GCC_WARN_UNDECLARED_SELECTOR = YES;
				GCC_WARN_UNINITIALIZED_AUTOS = YES_AGGRESSIVE;
				GCC_WARN_UNUSED_FUNCTION = YES;
				GCC_WARN_UNUSED_VARIABLE = YES;
				IPHONEOS_DEPLOYMENT_TARGET = 15.0;
				MTL_ENABLE_DEBUG_INFO = NO;
				MTL_FAST_MATH = YES;
				SDKROOT = iphoneos;
				SWIFT_COMPILATION_MODE = wholemodule;
				SWIFT_OPTIMIZATION_LEVEL = "-O";
				VALIDATE_PRODUCT = YES;
			};
			name = Release;
		};
		D4A1CD89270200C500F11555 /* Debug */ = {
			isa = XCBuildConfiguration;
			buildSettings = {
				ASSETCATALOG_COMPILER_APPICON_NAME = AppIcon;
				ASSETCATALOG_COMPILER_GLOBAL_ACCENT_COLOR_NAME = AccentColor;
				CODE_SIGN_STYLE = Automatic;
				CURRENT_PROJECT_VERSION = 1;
				DEVELOPMENT_ASSET_PATHS = "\"SlideMenu/Preview Content\"";
				DEVELOPMENT_TEAM = T64W6M4848;
				ENABLE_PREVIEWS = YES;
				GENERATE_INFOPLIST_FILE = YES;
				INFOPLIST_KEY_UIApplicationSceneManifest_Generation = YES;
				INFOPLIST_KEY_UIApplicationSupportsIndirectInputEvents = YES;
				INFOPLIST_KEY_UILaunchScreen_Generation = YES;
				INFOPLIST_KEY_UISupportedInterfaceOrientations_iPad = "UIInterfaceOrientationPortrait UIInterfaceOrientationPortraitUpsideDown UIInterfaceOrientationLandscapeLeft UIInterfaceOrientationLandscapeRight";
				INFOPLIST_KEY_UISupportedInterfaceOrientations_iPhone = "UIInterfaceOrientationPortrait UIInterfaceOrientationLandscapeLeft UIInterfaceOrientationLandscapeRight";
				IPHONEOS_DEPLOYMENT_TARGET = 14.0;
				LD_RUNPATH_SEARCH_PATHS = (
					"$(inherited)",
					"@executable_path/Frameworks",
				);
				MARKETING_VERSION = 1.0;
				PRODUCT_BUNDLE_IDENTIFIER = brauny.SlideMenu;
				PRODUCT_NAME = "$(TARGET_NAME)";
				SWIFT_EMIT_LOC_STRINGS = YES;
				SWIFT_VERSION = 5.0;
				TARGETED_DEVICE_FAMILY = "1,2";
			};
			name = Debug;
		};
		D4A1CD8A270200C500F11555 /* Release */ = {
			isa = XCBuildConfiguration;
			buildSettings = {
				ASSETCATALOG_COMPILER_APPICON_NAME = AppIcon;
				ASSETCATALOG_COMPILER_GLOBAL_ACCENT_COLOR_NAME = AccentColor;
				CODE_SIGN_STYLE = Automatic;
				CURRENT_PROJECT_VERSION = 1;
				DEVELOPMENT_ASSET_PATHS = "\"SlideMenu/Preview Content\"";
				DEVELOPMENT_TEAM = T64W6M4848;
				ENABLE_PREVIEWS = YES;
				GENERATE_INFOPLIST_FILE = YES;
				INFOPLIST_KEY_UIApplicationSceneManifest_Generation = YES;
				INFOPLIST_KEY_UIApplicationSupportsIndirectInputEvents = YES;
				INFOPLIST_KEY_UILaunchScreen_Generation = YES;
				INFOPLIST_KEY_UISupportedInterfaceOrientations_iPad = "UIInterfaceOrientationPortrait UIInterfaceOrientationPortraitUpsideDown UIInterfaceOrientationLandscapeLeft UIInterfaceOrientationLandscapeRight";
				INFOPLIST_KEY_UISupportedInterfaceOrientations_iPhone = "UIInterfaceOrientationPortrait UIInterfaceOrientationLandscapeLeft UIInterfaceOrientationLandscapeRight";
				IPHONEOS_DEPLOYMENT_TARGET = 14.0;
				LD_RUNPATH_SEARCH_PATHS = (
					"$(inherited)",
					"@executable_path/Frameworks",
				);
				MARKETING_VERSION = 1.0;
				PRODUCT_BUNDLE_IDENTIFIER = brauny.SlideMenu;
				PRODUCT_NAME = "$(TARGET_NAME)";
				SWIFT_EMIT_LOC_STRINGS = YES;
				SWIFT_VERSION = 5.0;
				TARGETED_DEVICE_FAMILY = "1,2";
			};
			name = Release;
		};
		D4A1CD8C270200C500F11555 /* Debug */ = {
			isa = XCBuildConfiguration;
			buildSettings = {
				ALWAYS_EMBED_SWIFT_STANDARD_LIBRARIES = YES;
				BUNDLE_LOADER = "$(TEST_HOST)";
				CODE_SIGN_STYLE = Automatic;
				CURRENT_PROJECT_VERSION = 1;
				DEVELOPMENT_TEAM = T64W6M4848;
				GENERATE_INFOPLIST_FILE = YES;
				IPHONEOS_DEPLOYMENT_TARGET = 14.0;
				LD_RUNPATH_SEARCH_PATHS = (
					"$(inherited)",
					"@executable_path/Frameworks",
					"@loader_path/Frameworks",
				);
				MARKETING_VERSION = 1.0;
				PRODUCT_BUNDLE_IDENTIFIER = brauny.SlideMenuTests;
				PRODUCT_NAME = "$(TARGET_NAME)";
				SWIFT_EMIT_LOC_STRINGS = NO;
				SWIFT_VERSION = 5.0;
				TARGETED_DEVICE_FAMILY = "1,2";
				TEST_HOST = "$(BUILT_PRODUCTS_DIR)/SlideMenu.app/SlideMenu";
			};
			name = Debug;
		};
		D4A1CD8D270200C500F11555 /* Release */ = {
			isa = XCBuildConfiguration;
			buildSettings = {
				ALWAYS_EMBED_SWIFT_STANDARD_LIBRARIES = YES;
				BUNDLE_LOADER = "$(TEST_HOST)";
				CODE_SIGN_STYLE = Automatic;
				CURRENT_PROJECT_VERSION = 1;
				DEVELOPMENT_TEAM = T64W6M4848;
				GENERATE_INFOPLIST_FILE = YES;
				IPHONEOS_DEPLOYMENT_TARGET = 14.0;
				LD_RUNPATH_SEARCH_PATHS = (
					"$(inherited)",
					"@executable_path/Frameworks",
					"@loader_path/Frameworks",
				);
				MARKETING_VERSION = 1.0;
				PRODUCT_BUNDLE_IDENTIFIER = brauny.SlideMenuTests;
				PRODUCT_NAME = "$(TARGET_NAME)";
				SWIFT_EMIT_LOC_STRINGS = NO;
				SWIFT_VERSION = 5.0;
				TARGETED_DEVICE_FAMILY = "1,2";
				TEST_HOST = "$(BUILT_PRODUCTS_DIR)/SlideMenu.app/SlideMenu";
			};
			name = Release;
		};
		D4A1CD8F270200C500F11555 /* Debug */ = {
			isa = XCBuildConfiguration;
			buildSettings = {
				ALWAYS_EMBED_SWIFT_STANDARD_LIBRARIES = YES;
				CODE_SIGN_STYLE = Automatic;
				CURRENT_PROJECT_VERSION = 1;
				DEVELOPMENT_TEAM = T64W6M4848;
				GENERATE_INFOPLIST_FILE = YES;
				LD_RUNPATH_SEARCH_PATHS = (
					"$(inherited)",
					"@executable_path/Frameworks",
					"@loader_path/Frameworks",
				);
				MARKETING_VERSION = 1.0;
				PRODUCT_BUNDLE_IDENTIFIER = brauny.SlideMenuUITests;
				PRODUCT_NAME = "$(TARGET_NAME)";
				SWIFT_EMIT_LOC_STRINGS = NO;
				SWIFT_VERSION = 5.0;
				TARGETED_DEVICE_FAMILY = "1,2";
				TEST_TARGET_NAME = SlideMenu;
			};
			name = Debug;
		};
		D4A1CD90270200C500F11555 /* Release */ = {
			isa = XCBuildConfiguration;
			buildSettings = {
				ALWAYS_EMBED_SWIFT_STANDARD_LIBRARIES = YES;
				CODE_SIGN_STYLE = Automatic;
				CURRENT_PROJECT_VERSION = 1;
				DEVELOPMENT_TEAM = T64W6M4848;
				GENERATE_INFOPLIST_FILE = YES;
				LD_RUNPATH_SEARCH_PATHS = (
					"$(inherited)",
					"@executable_path/Frameworks",
					"@loader_path/Frameworks",
				);
				MARKETING_VERSION = 1.0;
				PRODUCT_BUNDLE_IDENTIFIER = brauny.SlideMenuUITests;
				PRODUCT_NAME = "$(TARGET_NAME)";
				SWIFT_EMIT_LOC_STRINGS = NO;
				SWIFT_VERSION = 5.0;
				TARGETED_DEVICE_FAMILY = "1,2";
				TEST_TARGET_NAME = SlideMenu;
			};
			name = Release;
		};
/* End XCBuildConfiguration section */

/* Begin XCConfigurationList section */
		D4A1CD5F270200BB00F11555 /* Build configuration list for PBXProject "SlideMenu" */ = {
			isa = XCConfigurationList;
			buildConfigurations = (
				D4A1CD86270200C500F11555 /* Debug */,
				D4A1CD87270200C500F11555 /* Release */,
			);
			defaultConfigurationIsVisible = 0;
			defaultConfigurationName = Release;
		};
		D4A1CD88270200C500F11555 /* Build configuration list for PBXNativeTarget "SlideMenu" */ = {
			isa = XCConfigurationList;
			buildConfigurations = (
				D4A1CD89270200C500F11555 /* Debug */,
				D4A1CD8A270200C500F11555 /* Release */,
			);
			defaultConfigurationIsVisible = 0;
			defaultConfigurationName = Release;
		};
		D4A1CD8B270200C500F11555 /* Build configuration list for PBXNativeTarget "SlideMenuTests" */ = {
			isa = XCConfigurationList;
			buildConfigurations = (
				D4A1CD8C270200C500F11555 /* Debug */,
				D4A1CD8D270200C500F11555 /* Release */,
			);
			defaultConfigurationIsVisible = 0;
			defaultConfigurationName = Release;
		};
		D4A1CD8E270200C500F11555 /* Build configuration list for PBXNativeTarget "SlideMenuUITests" */ = {
			isa = XCConfigurationList;
			buildConfigurations = (
				D4A1CD8F270200C500F11555 /* Debug */,
				D4A1CD90270200C500F11555 /* Release */,
			);
			defaultConfigurationIsVisible = 0;
			defaultConfigurationName = Release;
		};
/* End XCConfigurationList section */
	};
	rootObject = D4A1CD5C270200BB00F11555 /* Project object */;
}
